{
  "name": "@rt2zz/thin-auth-client",
  "version": "0.0.1",
  "lockfileVersion": 1,
  "requires": true,
  "dependencies": {
    "atom-cache": {
      "version": "0.0.2",
      "resolved": "https://registry.npmjs.org/atom-cache/-/atom-cache-0.0.2.tgz",
      "integrity": "sha512-Ky02eL6pdVyFKY5nHo5yk+Ji0A1ItgVUl9WNzG1Am2gbJoodfER2Du1PTwdaYbW/RZWKgN6WiJV9nhCvJrkWYA=="
    }
  }
}
